// !$*UTF8*$!
{
	archiveVersion = 1;
	classes = {
	};
	objectVersion = 46;
	objects = {

/* Begin PBXBuildFile section */
		836947E11BCC1F240012920A /* AppDelegate.swift in Sources */ = {isa = PBXBuildFile; fileRef = 836947E01BCC1F240012920A /* AppDelegate.swift */; };
		836947E31BCC1F240012920A /* ViewController.swift in Sources */ = {isa = PBXBuildFile; fileRef = 836947E21BCC1F240012920A /* ViewController.swift */; };
		836947E61BCC1F240012920A /* Main.storyboard in Resources */ = {isa = PBXBuildFile; fileRef = 836947E41BCC1F240012920A /* Main.storyboard */; };
		836947E91BCC1F240012920A /* test.xcdatamodeld in Sources */ = {isa = PBXBuildFile; fileRef = 836947E71BCC1F240012920A /* test.xcdatamodeld */; };
		836947EB1BCC1F240012920A /* Assets.xcassets in Resources */ = {isa = PBXBuildFile; fileRef = 836947EA1BCC1F240012920A /* Assets.xcassets */; };
		836947EE1BCC1F240012920A /* LaunchScreen.storyboard in Resources */ = {isa = PBXBuildFile; fileRef = 836947EC1BCC1F240012920A /* LaunchScreen.storyboard */; };
		836947F91BCC1F240012920A /* testTests.swift in Sources */ = {isa = PBXBuildFile; fileRef = 836947F81BCC1F240012920A /* testTests.swift */; };
		836948041BCC1F240012920A /* testUITests.swift in Sources */ = {isa = PBXBuildFile; fileRef = 836948031BCC1F240012920A /* testUITests.swift */; };
/* End PBXBuildFile section */

/* Begin PBXContainerItemProxy section */
		836947F51BCC1F240012920A /* PBXContainerItemProxy */ = {
			isa = PBXContainerItemProxy;
			containerPortal = 836947D51BCC1F240012920A /* Project object */;
			proxyType = 1;
			remoteGlobalIDString = 836947DC1BCC1F240012920A;
			remoteInfo = test;
		};
		836948001BCC1F240012920A /* PBXContainerItemProxy */ = {
			isa = PBXContainerItemProxy;
			containerPortal = 836947D51BCC1F240012920A /* Project object */;
			proxyType = 1;
			remoteGlobalIDString = 836947DC1BCC1F240012920A;
			remoteInfo = test;
		};
/* End PBXContainerItemProxy section */

/* Begin PBXFileReference section */
		836947DD1BCC1F240012920A /* test.app */ = {isa = PBXFileReference; explicitFileType = wrapper.application; includeInIndex = 0; path = test.app; sourceTree = BUILT_PRODUCTS_DIR; };
		836947E01BCC1F240012920A /* AppDelegate.swift */ = {isa = PBXFileReference; lastKnownFileType = sourcecode.swift; path = AppDelegate.swift; sourceTree = "<group>"; };
		836947E21BCC1F240012920A /* ViewController.swift */ = {isa = PBXFileReference; lastKnownFileType = sourcecode.swift; path = ViewController.swift; sourceTree = "<group>"; };
		836947E51BCC1F240012920A /* Base */ = {isa = PBXFileReference; lastKnownFileType = file.storyboard; name = Base; path = Base.lproj/Main.storyboard; sourceTree = "<group>"; };
		836947E81BCC1F240012920A /* test.xcdatamodel */ = {isa = PBXFileReference; lastKnownFileType = wrapper.xcdatamodel; path = test.xcdatamodel; sourceTree = "<group>"; };
		836947EA1BCC1F240012920A /* Assets.xcassets */ = {isa = PBXFileReference; lastKnownFileType = folder.assetcatalog; path = Assets.xcassets; sourceTree = "<group>"; };
		836947ED1BCC1F240012920A /* Base */ = {isa = PBXFileReference; lastKnownFileType = file.storyboard; name = Base; path = Base.lproj/LaunchScreen.storyboard; sourceTree = "<group>"; };
		836947EF1BCC1F240012920A /* Info.plist */ = {isa = PBXFileReference; lastKnownFileType = text.plist.xml; path = Info.plist; sourceTree = "<group>"; };
		836947F41BCC1F240012920A /* testTests.xctest */ = {isa = PBXFileReference; explicitFileType = wrapper.cfbundle; includeInIndex = 0; path = testTests.xctest; sourceTree = BUILT_PRODUCTS_DIR; };
		836947F81BCC1F240012920A /* testTests.swift */ = {isa = PBXFileReference; lastKnownFileType = sourcecode.swift; path = testTests.swift; sourceTree = "<group>"; };
		836947FA1BCC1F240012920A /* Info.plist */ = {isa = PBXFileReference; lastKnownFileType = text.plist.xml; path = Info.plist; sourceTree = "<group>"; };
		836947FF1BCC1F240012920A /* testUITests.xctest */ = {isa = PBXFileReference; explicitFileType = wrapper.cfbundle; includeInIndex = 0; path = testUITests.xctest; sourceTree = BUILT_PRODUCTS_DIR; };
		836948031BCC1F240012920A /* testUITests.swift */ = {isa = PBXFileReference; lastKnownFileType = sourcecode.swift; path = testUITests.swift; sourceTree = "<group>"; };
		836948051BCC1F240012920A /* Info.plist */ = {isa = PBXFileReference; lastKnownFileType = text.plist.xml; path = Info.plist; sourceTree = "<group>"; };
/* End PBXFileReference section */

/* Begin PBXFrameworksBuildPhase section */
		836947DA1BCC1F240012920A /* Frameworks */ = {
			isa = PBXFrameworksBuildPhase;
			buildActionMask = 2147483647;
			files = (
			);
			runOnlyForDeploymentPostprocessing = 0;
		};
		836947F11BCC1F240012920A /* Frameworks */ = {
			isa = PBXFrameworksBuildPhase;
			buildActionMask = 2147483647;
			files = (
			);
			runOnlyForDeploymentPostprocessing = 0;
		};
		836947FC1BCC1F240012920A /* Frameworks */ = {
			isa = PBXFrameworksBuildPhase;
			buildActionMask = 2147483647;
			files = (
			);
			runOnlyForDeploymentPostprocessing = 0;
		};
/* End PBXFrameworksBuildPhase section */

/* Begin PBXGroup section */
		836947D41BCC1F240012920A = {
			isa = PBXGroup;
			children = (
				836947DF1BCC1F240012920A /* test */,
				836947F71BCC1F240012920A /* testTests */,
				836948021BCC1F240012920A /* testUITests */,
				836947DE1BCC1F240012920A /* Products */,
			);
			sourceTree = "<group>";
		};
		836947DE1BCC1F240012920A /* Products */ = {
			isa = PBXGroup;
			children = (
				836947DD1BCC1F240012920A /* test.app */,
				836947F41BCC1F240012920A /* testTests.xctest */,
				836947FF1BCC1F240012920A /* testUITests.xctest */,
			);
			name = Products;
			sourceTree = "<group>";
		};
		836947DF1BCC1F240012920A /* test */ = {
			isa = PBXGroup;
			children = (
				836947E01BCC1F240012920A /* AppDelegate.swift */,
				836947E21BCC1F240012920A /* ViewController.swift */,
				836947E41BCC1F240012920A /* Main.storyboard */,
				836947EA1BCC1F240012920A /* Assets.xcassets */,
				836947EC1BCC1F240012920A /* LaunchScreen.storyboard */,
				836947EF1BCC1F240012920A /* Info.plist */,
				836947E71BCC1F240012920A /* test.xcdatamodeld */,
			);
			path = test;
			sourceTree = "<group>";
		};
		836947F71BCC1F240012920A /* testTests */ = {
			isa = PBXGroup;
			children = (
				836947F81BCC1F240012920A /* testTests.swift */,
				836947FA1BCC1F240012920A /* Info.plist */,
			);
			path = testTests;
			sourceTree = "<group>";
		};
		836948021BCC1F240012920A /* testUITests */ = {
			isa = PBXGroup;
			children = (
				836948031BCC1F240012920A /* testUITests.swift */,
				836948051BCC1F240012920A /* Info.plist */,
			);
			path = testUITests;
			sourceTree = "<group>";
		};
/* End PBXGroup section */

/* Begin PBXNativeTarget section */
		836947DC1BCC1F240012920A /* test */ = {
			isa = PBXNativeTarget;
			buildConfigurationList = 836948081BCC1F240012920A /* Build configuration list for PBXNativeTarget "test" */;
			buildPhases = (
				836947D91BCC1F240012920A /* Sources */,
				836947DA1BCC1F240012920A /* Frameworks */,
				836947DB1BCC1F240012920A /* Resources */,
			);
			buildRules = (
			);
			dependencies = (
			);
			name = test;
			productName = test;
			productReference = 836947DD1BCC1F240012920A /* test.app */;
			productType = "com.apple.product-type.application";
		};
		836947F31BCC1F240012920A /* testTests */ = {
			isa = PBXNativeTarget;
			buildConfigurationList = 8369480B1BCC1F240012920A /* Build configuration list for PBXNativeTarget "testTests" */;
			buildPhases = (
				836947F01BCC1F240012920A /* Sources */,
				836947F11BCC1F240012920A /* Frameworks */,
				836947F21BCC1F240012920A /* Resources */,
			);
			buildRules = (
			);
			dependencies = (
				836947F61BCC1F240012920A /* PBXTargetDependency */,
			);
			name = testTests;
			productName = testTests;
			productReference = 836947F41BCC1F240012920A /* testTests.xctest */;
			productType = "com.apple.product-type.bundle.unit-test";
		};
		836947FE1BCC1F240012920A /* testUITests */ = {
			isa = PBXNativeTarget;
			buildConfigurationList = 8369480E1BCC1F240012920A /* Build configuration list for PBXNativeTarget "testUITests" */;
			buildPhases = (
				836947FB1BCC1F240012920A /* Sources */,
				836947FC1BCC1F240012920A /* Frameworks */,
				836947FD1BCC1F240012920A /* Resources */,
			);
			buildRules = (
			);
			dependencies = (
				836948011BCC1F240012920A /* PBXTargetDependency */,
			);
			name = testUITests;
			productName = testUITests;
			productReference = 836947FF1BCC1F240012920A /* testUITests.xctest */;
			productType = "com.apple.product-type.bundle.ui-testing";
		};
/* End PBXNativeTarget section */

/* Begin PBXProject section */
		836947D51BCC1F240012920A /* Project object */ = {
			isa = PBXProject;
			attributes = {
				LastUpgradeCheck = 0700;
				ORGANIZATIONNAME = "윤소혜";
				TargetAttributes = {
					836947DC1BCC1F240012920A = {
						CreatedOnToolsVersion = 7.0.1;
					};
					836947F31BCC1F240012920A = {
						CreatedOnToolsVersion = 7.0.1;
						TestTargetID = 836947DC1BCC1F240012920A;
					};
					836947FE1BCC1F240012920A = {
						CreatedOnToolsVersion = 7.0.1;
						TestTargetID = 836947DC1BCC1F240012920A;
					};
				};
			};
			buildConfigurationList = 836947D81BCC1F240012920A /* Build configuration list for PBXProject "test" */;
			compatibilityVersion = "Xcode 3.2";
			developmentRegion = English;
			hasScannedForEncodings = 0;
			knownRegions = (
				en,
				Base,
			);
			mainGroup = 836947D41BCC1F240012920A;
			productRefGroup = 836947DE1BCC1F240012920A /* Products */;
			projectDirPath = "";
			projectRoot = "";
			targets = (
				836947DC1BCC1F240012920A /* test */,
				836947F31BCC1F240012920A /* testTests */,
				836947FE1BCC1F240012920A /* testUITests */,
			);
		};
/* End PBXProject section */

/* Begin PBXResourcesBuildPhase section */
		836947DB1BCC1F240012920A /* Resources */ = {
			isa = PBXResourcesBuildPhase;
			buildActionMask = 2147483647;
			files = (
				836947EE1BCC1F240012920A /* LaunchScreen.storyboard in Resources */,
				836947EB1BCC1F240012920A /* Assets.xcassets in Resources */,
				836947E61BCC1F240012920A /* Main.storyboard in Resources */,
			);
			runOnlyForDeploymentPostprocessing = 0;
		};
		836947F21BCC1F240012920A /* Resources */ = {
			isa = PBXResourcesBuildPhase;
			buildActionMask = 2147483647;
			files = (
			);
			runOnlyForDeploymentPostprocessing = 0;
		};
		836947FD1BCC1F240012920A /* Resources */ = {
			isa = PBXResourcesBuildPhase;
			buildActionMask = 2147483647;
			files = (
			);
			runOnlyForDeploymentPostprocessing = 0;
		};
/* End PBXResourcesBuildPhase section */

/* Begin PBXSourcesBuildPhase section */
		836947D91BCC1F240012920A /* Sources */ = {
			isa = PBXSourcesBuildPhase;
			buildActionMask = 2147483647;
			files = (
				836947E31BCC1F240012920A /* ViewController.swift in Sources */,
				836947E11BCC1F240012920A /* AppDelegate.swift in Sources */,
				836947E91BCC1F240012920A /* test.xcdatamodeld in Sources */,
			);
			runOnlyForDeploymentPostprocessing = 0;
		};
		836947F01BCC1F240012920A /* Sources */ = {
			isa = PBXSourcesBuildPhase;
			buildActionMask = 2147483647;
			files = (
				836947F91BCC1F240012920A /* testTests.swift in Sources */,
			);
			runOnlyForDeploymentPostprocessing = 0;
		};
		836947FB1BCC1F240012920A /* Sources */ = {
			isa = PBXSourcesBuildPhase;
			buildActionMask = 2147483647;
			files = (
				836948041BCC1F240012920A /* testUITests.swift in Sources */,
			);
			runOnlyForDeploymentPostprocessing = 0;
		};
/* End PBXSourcesBuildPhase section */

/* Begin PBXTargetDependency section */
		836947F61BCC1F240012920A /* PBXTargetDependency */ = {
			isa = PBXTargetDependency;
			target = 836947DC1BCC1F240012920A /* test */;
			targetProxy = 836947F51BCC1F240012920A /* PBXContainerItemProxy */;
		};
		836948011BCC1F240012920A /* PBXTargetDependency */ = {
			isa = PBXTargetDependency;
			target = 836947DC1BCC1F240012920A /* test */;
			targetProxy = 836948001BCC1F240012920A /* PBXContainerItemProxy */;
		};
/* End PBXTargetDependency section */

/* Begin PBXVariantGroup section */
		836947E41BCC1F240012920A /* Main.storyboard */ = {
			isa = PBXVariantGroup;
			children = (
				836947E51BCC1F240012920A /* Base */,
			);
			name = Main.storyboard;
			sourceTree = "<group>";
		};
		836947EC1BCC1F240012920A /* LaunchScreen.storyboard */ = {
			isa = PBXVariantGroup;
			children = (
				836947ED1BCC1F240012920A /* Base */,
			);
			name = LaunchScreen.storyboard;
			sourceTree = "<group>";
		};
/* End PBXVariantGroup section */

/* Begin XCBuildConfiguration section */
		836948061BCC1F240012920A /* Debug */ = {
			isa = XCBuildConfiguration;
			buildSettings = {
				ALWAYS_SEARCH_USER_PATHS = NO;
				CLANG_CXX_LANGUAGE_STANDARD = "gnu++0x";
				CLANG_CXX_LIBRARY = "libc++";
				CLANG_ENABLE_MODULES = YES;
				CLANG_ENABLE_OBJC_ARC = YES;
				CLANG_WARN_BOOL_CONVERSION = YES;
				CLANG_WARN_CONSTANT_CONVERSION = YES;
				CLANG_WARN_DIRECT_OBJC_ISA_USAGE = YES_ERROR;
				CLANG_WARN_EMPTY_BODY = YES;
				CLANG_WARN_ENUM_CONVERSION = YES;
				CLANG_WARN_INT_CONVERSION = YES;
				CLANG_WARN_OBJC_ROOT_CLASS = YES_ERROR;
				CLANG_WARN_UNREACHABLE_CODE = YES;
				CLANG_WARN__DUPLICATE_METHOD_MATCH = YES;
				"CODE_SIGN_IDENTITY[sdk=iphoneos*]" = "iPhone Developer";
				COPY_PHASE_STRIP = NO;
				DEBUG_INFORMATION_FORMAT = dwarf;
				ENABLE_STRICT_OBJC_MSGSEND = YES;
				ENABLE_TESTABILITY = YES;
				GCC_C_LANGUAGE_STANDARD = gnu99;
				GCC_DYNAMIC_NO_PIC = NO;
				GCC_NO_COMMON_BLOCKS = YES;
				GCC_OPTIMIZATION_LEVEL = 0;
				GCC_PREPROCESSOR_DEFINITIONS = (
					"DEBUG=1",
					"$(inherited)",
				);
				GCC_WARN_64_TO_32_BIT_CONVERSION = YES;
				GCC_WARN_ABOUT_RETURN_TYPE = YES_ERROR;
				GCC_WARN_UNDECLARED_SELECTOR = YES;
				GCC_WARN_UNINITIALIZED_AUTOS = YES_AGGRESSIVE;
				GCC_WARN_UNUSED_FUNCTION = YES;
				GCC_WARN_UNUSED_VARIABLE = YES;
				IPHONEOS_DEPLOYMENT_TARGET = 9.0;
				MTL_ENABLE_DEBUG_INFO = YES;
				ONLY_ACTIVE_ARCH = YES;
				SDKROOT = iphoneos;
				SWIFT_OPTIMIZATION_LEVEL = "-Onone";
				TARGETED_DEVICE_FAMILY = "1,2";
			};
			name = Debug;
		};
		836948071BCC1F240012920A /* Release */ = {
			isa = XCBuildConfiguration;
			buildSettings = {
				ALWAYS_SEARCH_USER_PATHS = NO;
				CLANG_CXX_LANGUAGE_STANDARD = "gnu++0x";
				CLANG_CXX_LIBRARY = "libc++";
				CLANG_ENABLE_MODULES = YES;
				CLANG_ENABLE_OBJC_ARC = YES;
				CLANG_WARN_BOOL_CONVERSION = YES;
				CLANG_WARN_CONSTANT_CONVERSION = YES;
				CLANG_WARN_DIRECT_OBJC_ISA_USAGE = YES_ERROR;
				CLANG_WARN_EMPTY_BODY = YES;
				CLANG_WARN_ENUM_CONVERSION = YES;
				CLANG_WARN_INT_CONVERSION = YES;
				CLANG_WARN_OBJC_ROOT_CLASS = YES_ERROR;
				CLANG_WARN_UNREACHABLE_CODE = YES;
				CLANG_WARN__DUPLICATE_METHOD_MATCH = YES;
				"CODE_SIGN_IDENTITY[sdk=iphoneos*]" = "iPhone Developer";
				COPY_PHASE_STRIP = NO;
				DEBUG_INFORMATION_FORMAT = "dwarf-with-dsym";
				ENABLE_NS_ASSERTIONS = NO;
				ENABLE_STRICT_OBJC_MSGSEND = YES;
				GCC_C_LANGUAGE_STANDARD = gnu99;
				GCC_NO_COMMON_BLOCKS = YES;
				GCC_WARN_64_TO_32_BIT_CONVERSION = YES;
				GCC_WARN_ABOUT_RETURN_TYPE = YES_ERROR;
				GCC_WARN_UNDECLARED_SELECTOR = YES;
				GCC_WARN_UNINITIALIZED_AUTOS = YES_AGGRESSIVE;
				GCC_WARN_UNUSED_FUNCTION = YES;
				GCC_WARN_UNUSED_VARIABLE = YES;
				IPHONEOS_DEPLOYMENT_TARGET = 9.0;
				MTL_ENABLE_DEBUG_INFO = NO;
				SDKROOT = iphoneos;
				TARGETED_DEVICE_FAMILY = "1,2";
				VALIDATE_PRODUCT = YES;
			};
			name = Release;
		};
		836948091BCC1F240012920A /* Debug */ = {
			isa = XCBuildConfiguration;
			buildSettings = {
				ASSETCATALOG_COMPILER_APPICON_NAME = AppIcon;
				INFOPLIST_FILE = test/Info.plist;
				LD_RUNPATH_SEARCH_PATHS = "$(inherited) @executable_path/Frameworks";
				PRODUCT_BUNDLE_IDENTIFIER = com.yourcompany.test;
				PRODUCT_NAME = "$(TARGET_NAME)";
			};
			name = Debug;
		};
		8369480A1BCC1F240012920A /* Release */ = {
			isa = XCBuildConfiguration;
			buildSettings = {
				ASSETCATALOG_COMPILER_APPICON_NAME = AppIcon;
				INFOPLIST_FILE = test/Info.plist;
				LD_RUNPATH_SEARCH_PATHS = "$(inherited) @executable_path/Frameworks";
				PRODUCT_BUNDLE_IDENTIFIER = com.yourcompany.test;
				PRODUCT_NAME = "$(TARGET_NAME)";
			};
			name = Release;
		};
		8369480C1BCC1F240012920A /* Debug */ = {
			isa = XCBuildConfiguration;
			buildSettings = {
				BUNDLE_LOADER = "$(TEST_HOST)";
				INFOPLIST_FILE = testTests/Info.plist;
				LD_RUNPATH_SEARCH_PATHS = "$(inherited) @executable_path/Frameworks @loader_path/Frameworks";
				PRODUCT_BUNDLE_IDENTIFIER = com.yourcompany.testTests;
				PRODUCT_NAME = "$(TARGET_NAME)";
				TEST_HOST = "$(BUILT_PRODUCTS_DIR)/test.app/test";
			};
			name = Debug;
		};
		8369480D1BCC1F240012920A /* Release */ = {
			isa = XCBuildConfiguration;
			buildSettings = {
				BUNDLE_LOADER = "$(TEST_HOST)";
				INFOPLIST_FILE = testTests/Info.plist;
				LD_RUNPATH_SEARCH_PATHS = "$(inherited) @executable_path/Frameworks @loader_path/Frameworks";
				PRODUCT_BUNDLE_IDENTIFIER = com.yourcompany.testTests;
				PRODUCT_NAME = "$(TARGET_NAME)";
				TEST_HOST = "$(BUILT_PRODUCTS_DIR)/test.app/test";
			};
			name = Release;
		};
		8369480F1BCC1F240012920A /* Debug */ = {
			isa = XCBuildConfiguration;
			buildSettings = {
				INFOPLIST_FILE = testUITests/Info.plist;
				LD_RUNPATH_SEARCH_PATHS = "$(inherited) @executable_path/Frameworks @loader_path/Frameworks";
				PRODUCT_BUNDLE_IDENTIFIER = com.yourcompany.testUITests;
				PRODUCT_NAME = "$(TARGET_NAME)";
				TEST_TARGET_NAME = test;
				USES_XCTRUNNER = YES;
			};
			name = Debug;
		};
		836948101BCC1F240012920A /* Release */ = {
			isa = XCBuildConfiguration;
			buildSettings = {
				INFOPLIST_FILE = testUITests/Info.plist;
				LD_RUNPATH_SEARCH_PATHS = "$(inherited) @executable_path/Frameworks @loader_path/Frameworks";
				PRODUCT_BUNDLE_IDENTIFIER = com.yourcompany.testUITests;
				PRODUCT_NAME = "$(TARGET_NAME)";
				TEST_TARGET_NAME = test;
				USES_XCTRUNNER = YES;
			};
			name = Release;
		};
/* End XCBuildConfiguration section */

/* Begin XCConfigurationList section */
		836947D81BCC1F240012920A /* Build configuration list for PBXProject "test" */ = {
			isa = XCConfigurationList;
			buildConfigurations = (
				836948061BCC1F240012920A /* Debug */,
				836948071BCC1F240012920A /* Release */,
			);
			defaultConfigurationIsVisible = 0;
			defaultConfigurationName = Release;
		};
		836948081BCC1F240012920A /* Build configuration list for PBXNativeTarget "test" */ = {
			isa = XCConfigurationList;
			buildConfigurations = (
				836948091BCC1F240012920A /* Debug */,
				8369480A1BCC1F240012920A /* Release */,
			);
			defaultConfigurationIsVisible = 0;
		};
		8369480B1BCC1F240012920A /* Build configuration list for PBXNativeTarget "testTests" */ = {
			isa = XCConfigurationList;
			buildConfigurations = (
				8369480C1BCC1F240012920A /* Debug */,
				8369480D1BCC1F240012920A /* Release */,
			);
			defaultConfigurationIsVisible = 0;
		};
		8369480E1BCC1F240012920A /* Build configuration list for PBXNativeTarget "testUITests" */ = {
			isa = XCConfigurationList;
			buildConfigurations = (
				8369480F1BCC1F240012920A /* Debug */,
				836948101BCC1F240012920A /* Release */,
			);
			defaultConfigurationIsVisible = 0;
		};
/* End XCConfigurationList section */

/* Begin XCVersionGroup section */
		836947E71BCC1F240012920A /* test.xcdatamodeld */ = {
			isa = XCVersionGroup;
			children = (
				836947E81BCC1F240012920A /* test.xcdatamodel */,
			);
			currentVersion = 836947E81BCC1F240012920A /* test.xcdatamodel */;
			path = test.xcdatamodeld;
			sourceTree = "<group>";
			versionGroupType = wrapper.xcdatamodel;
		};
/* End XCVersionGroup section */
	};
	rootObject = 836947D51BCC1F240012920A /* Project object */;
}
